// !$*UTF8*$!
{
	archiveVersion = 1;
	classes = {
	};
	objectVersion = 46;
	objects = {

/* Begin PBXBuildFile section */
		D4DCE5871DF0C8A90095AD26 /* deque.c in Sources */ = {isa = PBXBuildFile; fileRef = D4DCE5821DF0C8A90095AD26 /* deque.c */; };
		D4DCE5881DF0C8A90095AD26 /* graph.c in Sources */ = {isa = PBXBuildFile; fileRef = D4DCE5841DF0C8A90095AD26 /* graph.c */; };
		D4DCE5891DF0C8A90095AD26 /* main.c in Sources */ = {isa = PBXBuildFile; fileRef = D4DCE5861DF0C8A90095AD26 /* main.c */; };
/* End PBXBuildFile section */

/* Begin PBXCopyFilesBuildPhase section */
		D4DCE5761DF0C7CC0095AD26 /* CopyFiles */ = {
			isa = PBXCopyFilesBuildPhase;
			buildActionMask = 2147483647;
			dstPath = /usr/share/man/man1/;
			dstSubfolderSpec = 0;
			files = (
			);
			runOnlyForDeploymentPostprocessing = 1;
		};
/* End PBXCopyFilesBuildPhase section */

/* Begin PBXFileReference section */
		D4DCE5781DF0C7CC0095AD26 /* DFSandBFSGraphTraversals */ = {isa = PBXFileReference; explicitFileType = "compiled.mach-o.executable"; includeInIndex = 0; path = DFSandBFSGraphTraversals; sourceTree = BUILT_PRODUCTS_DIR; };
		D4DCE5821DF0C8A90095AD26 /* deque.c */ = {isa = PBXFileReference; fileEncoding = 4; lastKnownFileType = sourcecode.c.c; path = deque.c; sourceTree = "<group>"; };
		D4DCE5831DF0C8A90095AD26 /* deque.h */ = {isa = PBXFileReference; fileEncoding = 4; lastKnownFileType = sourcecode.c.h; path = deque.h; sourceTree = "<group>"; };
		D4DCE5841DF0C8A90095AD26 /* graph.c */ = {isa = PBXFileReference; fileEncoding = 4; lastKnownFileType = sourcecode.c.c; path = graph.c; sourceTree = "<group>"; };
		D4DCE5851DF0C8A90095AD26 /* graph.h */ = {isa = PBXFileReference; fileEncoding = 4; lastKnownFileType = sourcecode.c.h; path = graph.h; sourceTree = "<group>"; };
		D4DCE5861DF0C8A90095AD26 /* main.c */ = {isa = PBXFileReference; fileEncoding = 4; lastKnownFileType = sourcecode.c.c; path = main.c; sourceTree = "<group>"; };
/* End PBXFileReference section */

/* Begin PBXFrameworksBuildPhase section */
		D4DCE5751DF0C7CC0095AD26 /* Frameworks */ = {
			isa = PBXFrameworksBuildPhase;
			buildActionMask = 2147483647;
			files = (
			);
			runOnlyForDeploymentPostprocessing = 0;
		};
/* End PBXFrameworksBuildPhase section */

/* Begin PBXGroup section */
		D4DCE56F1DF0C7CC0095AD26 = {
			isa = PBXGroup;
			children = (
				D4DCE57A1DF0C7CC0095AD26 /* DFSandBFSGraphTraversals */,
				D4DCE5791DF0C7CC0095AD26 /* Products */,
			);
			sourceTree = "<group>";
		};
		D4DCE5791DF0C7CC0095AD26 /* Products */ = {
			isa = PBXGroup;
			children = (
				D4DCE5781DF0C7CC0095AD26 /* DFSandBFSGraphTraversals */,
			);
			name = Products;
			sourceTree = "<group>";
		};
		D4DCE57A1DF0C7CC0095AD26 /* DFSandBFSGraphTraversals */ = {
			isa = PBXGroup;
			children = (
				D4DCE5821DF0C8A90095AD26 /* deque.c */,
				D4DCE5831DF0C8A90095AD26 /* deque.h */,
				D4DCE5841DF0C8A90095AD26 /* graph.c */,
				D4DCE5851DF0C8A90095AD26 /* graph.h */,
				D4DCE5861DF0C8A90095AD26 /* main.c */,
			);
			path = DFSandBFSGraphTraversals;
			sourceTree = "<group>";
		};
/* End PBXGroup section */

/* Begin PBXNativeTarget section */
		D4DCE5771DF0C7CC0095AD26 /* DFSandBFSGraphTraversals */ = {
			isa = PBXNativeTarget;
			buildConfigurationList = D4DCE57F1DF0C7CC0095AD26 /* Build configuration list for PBXNativeTarget "DFSandBFSGraphTraversals" */;
			buildPhases = (
				D4DCE5741DF0C7CC0095AD26 /* Sources */,
				D4DCE5751DF0C7CC0095AD26 /* Frameworks */,
				D4DCE5761DF0C7CC0095AD26 /* CopyFiles */,
			);
			buildRules = (
			);
			dependencies = (
			);
			name = DFSandBFSGraphTraversals;
			productName = DFSandBFSGraphTraversals;
			productReference = D4DCE5781DF0C7CC0095AD26 /* DFSandBFSGraphTraversals */;
			productType = "com.apple.product-type.tool";
		};
/* End PBXNativeTarget section */

/* Begin PBXProject section */
		D4DCE5701DF0C7CC0095AD26 /* Project object */ = {
			isa = PBXProject;
			attributes = {
				LastUpgradeCheck = 0810;
				ORGANIZATIONNAME = "Drew Wolfe";
				TargetAttributes = {
					D4DCE5771DF0C7CC0095AD26 = {
						CreatedOnToolsVersion = 8.1;
						ProvisioningStyle = Automatic;
					};
				};
			};
			buildConfigurationList = D4DCE5731DF0C7CC0095AD26 /* Build configuration list for PBXProject "DFSandBFSGraphTraversals" */;
			compatibilityVersion = "Xcode 3.2";
			developmentRegion = English;
			hasScannedForEncodings = 0;
			knownRegions = (
				en,
			);
			mainGroup = D4DCE56F1DF0C7CC0095AD26;
			productRefGroup = D4DCE5791DF0C7CC0095AD26 /* Products */;
			projectDirPath = "";
			projectRoot = "";
			targets = (
				D4DCE5771DF0C7CC0095AD26 /* DFSandBFSGraphTraversals */,
			);
		};
/* End PBXProject section */

/* Begin PBXSourcesBuildPhase section */
		D4DCE5741DF0C7CC0095AD26 /* Sources */ = {
			isa = PBXSourcesBuildPhase;
			buildActionMask = 2147483647;
			files = (
				D4DCE5881DF0C8A90095AD26 /* graph.c in Sources */,
				D4DCE5871DF0C8A90095AD26 /* deque.c in Sources */,
				D4DCE5891DF0C8A90095AD26 /* main.c in Sources */,
			);
			runOnlyForDeploymentPostprocessing = 0;
		};
/* End PBXSourcesBuildPhase section */

/* Begin XCBuildConfiguration section */
		D4DCE57D1DF0C7CC0095AD26 /* Debug */ = {
			isa = XCBuildConfiguration;
			buildSettings = {
				ALWAYS_SEARCH_USER_PATHS = NO;
				CLANG_ANALYZER_NONNULL = YES;
				CLANG_CXX_LANGUAGE_STANDARD = "gnu++0x";
				CLANG_CXX_LIBRARY = "libc++";
				CLANG_ENABLE_MODULES = YES;
				CLANG_ENABLE_OBJC_ARC = YES;
				CLANG_WARN_BOOL_CONVERSION = YES;
				CLANG_WARN_CONSTANT_CONVERSION = YES;
				CLANG_WARN_DIRECT_OBJC_ISA_USAGE = YES_ERROR;
				CLANG_WARN_DOCUMENTATION_COMMENTS = YES;
				CLANG_WARN_EMPTY_BODY = YES;
				CLANG_WARN_ENUM_CONVERSION = YES;
				CLANG_WARN_INFINITE_RECURSION = YES;
				CLANG_WARN_INT_CONVERSION = YES;
				CLANG_WARN_OBJC_ROOT_CLASS = YES_ERROR;
				CLANG_WARN_SUSPICIOUS_MOVES = YES;
				CLANG_WARN_UNREACHABLE_CODE = YES;
				CLANG_WARN__DUPLICATE_METHOD_MATCH = YES;
				CODE_SIGN_IDENTITY = "-";
				COPY_PHASE_STRIP = NO;
				DEBUG_INFORMATION_FORMAT = dwarf;
				ENABLE_STRICT_OBJC_MSGSEND = YES;
				ENABLE_TESTABILITY = YES;
				GCC_C_LANGUAGE_STANDARD = gnu99;
				GCC_DYNAMIC_NO_PIC = NO;
				GCC_NO_COMMON_BLOCKS = YES;
				GCC_OPTIMIZATION_LEVEL = 0;
				GCC_PREPROCESSOR_DEFINITIONS = (
					"DEBUG=1",
					"$(inherited)",
				);
				GCC_WARN_64_TO_32_BIT_CONVERSION = YES;
				GCC_WARN_ABOUT_RETURN_TYPE = YES_ERROR;
				GCC_WARN_UNDECLARED_SELECTOR = YES;
				GCC_WARN_UNINITIALIZED_AUTOS = YES_AGGRESSIVE;
				GCC_WARN_UNUSED_FUNCTION = YES;
				GCC_WARN_UNUSED_VARIABLE = YES;
				MACOSX_DEPLOYMENT_TARGET = 10.12;
				MTL_ENABLE_DEBUG_INFO = YES;
				ONLY_ACTIVE_ARCH = YES;
				SDKROOT = macosx;
			};
			name = Debug;
		};
		D4DCE57E1DF0C7CC0095AD26 /* Release */ = {
			isa = XCBuildConfiguration;
			buildSettings = {
				ALWAYS_SEARCH_USER_PATHS = NO;
				CLANG_ANALYZER_NONNULL = YES;
				CLANG_CXX_LANGUAGE_STANDARD = "gnu++0x";
				CLANG_CXX_LIBRARY = "libc++";
				CLANG_ENABLE_MODULES = YES;
				CLANG_ENABLE_OBJC_ARC = YES;
				CLANG_WARN_BOOL_CONVERSION = YES;
				CLANG_WARN_CONSTANT_CONVERSION = YES;
				CLANG_WARN_DIRECT_OBJC_ISA_USAGE = YES_ERROR;
				CLANG_WARN_DOCUMENTATION_COMMENTS = YES;
				CLANG_WARN_EMPTY_BODY = YES;
				CLANG_WARN_ENUM_CONVERSION = YES;
				CLANG_WARN_INFINITE_RECURSION = YES;
				CLANG_WARN_INT_CONVERSION = YES;
				CLANG_WARN_OBJC_ROOT_CLASS = YES_ERROR;
				CLANG_WARN_SUSPICIOUS_MOVES = YES;
				CLANG_WARN_UNREACHABLE_CODE = YES;
				CLANG_WARN__DUPLICATE_METHOD_MATCH = YES;
				CODE_SIGN_IDENTITY = "-";
				COPY_PHASE_STRIP = NO;
				DEBUG_INFORMATION_FORMAT = "dwarf-with-dsym";
				ENABLE_NS_ASSERTIONS = NO;
				ENABLE_STRICT_OBJC_MSGSEND = YES;
				GCC_C_LANGUAGE_STANDARD = gnu99;
				GCC_NO_COMMON_BLOCKS = YES;
				GCC_WARN_64_TO_32_BIT_CONVERSION = YES;
				GCC_WARN_ABOUT_RETURN_TYPE = YES_ERROR;
				GCC_WARN_UNDECLARED_SELECTOR = YES;
				GCC_WARN_UNINITIALIZED_AUTOS = YES_AGGRESSIVE;
				GCC_WARN_UNUSED_FUNCTION = YES;
				GCC_WARN_UNUSED_VARIABLE = YES;
				MACOSX_DEPLOYMENT_TARGET = 10.12;
				MTL_ENABLE_DEBUG_INFO = NO;
				SDKROOT = macosx;
			};
			name = Release;
		};
		D4DCE5801DF0C7CC0095AD26 /* Debug */ = {
			isa = XCBuildConfiguration;
			buildSettings = {
				PRODUCT_NAME = "$(TARGET_NAME)";
			};
			name = Debug;
		};
		D4DCE5811DF0C7CC0095AD26 /* Release */ = {
			isa = XCBuildConfiguration;
			buildSettings = {
				PRODUCT_NAME = "$(TARGET_NAME)";
			};
			name = Release;
		};
/* End XCBuildConfiguration section */

/* Begin XCConfigurationList section */
		D4DCE5731DF0C7CC0095AD26 /* Build configuration list for PBXProject "DFSandBFSGraphTraversals" */ = {
			isa = XCConfigurationList;
			buildConfigurations = (
				D4DCE57D1DF0C7CC0095AD26 /* Debug */,
				D4DCE57E1DF0C7CC0095AD26 /* Release */,
			);
			defaultConfigurationIsVisible = 0;
			defaultConfigurationName = Release;
		};
		D4DCE57F1DF0C7CC0095AD26 /* Build configuration list for PBXNativeTarget "DFSandBFSGraphTraversals" */ = {
			isa = XCConfigurationList;
			buildConfigurations = (
				D4DCE5801DF0C7CC0095AD26 /* Debug */,
				D4DCE5811DF0C7CC0095AD26 /* Release */,
			);
			defaultConfigurationIsVisible = 0;
		};
/* End XCConfigurationList section */
	};
	rootObject = D4DCE5701DF0C7CC0095AD26 /* Project object */;
}
